
Microsoft Visual Studio Solution File, Format Version 12.00
# Visual Studio 15
VisualStudioVersion = 15.0.27130.2010
MinimumVisualStudioVersion = 10.0.40219.1
Project("{9A19103F-16F7-4668-BE54-9A1E7A4F7556}") = "xmr-stak-console", "xmr-stak-console\xmr-stak-console.csproj", "{782C47E2-8A04-477B-B623-E66891FE1EE6}"
EndProject
Project("{9A19103F-16F7-4668-BE54-9A1E7A4F7556}") = "xmr-stak-sharp", "xmr-stak-sharp\xmr-stak-sharp.csproj", "{4F5A1534-535D-4FFC-BE37-C98EF7E3355A}"
EndProject
Global
	GlobalSection(SolutionConfigurationPlatforms) = preSolution
		Debug|Any CPU = Debug|Any CPU
		Release|Any CPU = Release|Any CPU
	EndGlobalSection
	GlobalSection(ProjectConfigurationPlatforms) = postSolution
		{782C47E2-8A04-477B-B623-E66891FE1EE6}.Debug|Any CPU.ActiveCfg = Debug|Any CPU
		{782C47E2-8A04-477B-B623-E66891FE1EE6}.Debug|Any CPU.Build.0 = Debug|Any CPU
		{782C47E2-8A04-477B-B623-E66891FE1EE6}.Release|Any CPU.ActiveCfg = Release|Any CPU
		{782C47E2-8A04-477B-B623-E66891FE1EE6}.Release|Any CPU.Build.0 = Release|Any CPU
		{4F5A1534-535D-4FFC-BE37-C98EF7E3355A}.Debug|Any CPU.ActiveCfg = Debug|Any CPU
		{4F5A1534-535D-4FFC-BE37-C98EF7E3355A}.Debug|Any CPU.Build.0 = Debug|Any CPU
		{4F5A1534-535D-4FFC-BE37-C98EF7E3355A}.Release|Any CPU.ActiveCfg = Release|Any CPU
		{4F5A1534-535D-4FFC-BE37-C98EF7E3355A}.Release|Any CPU.Build.0 = Release|Any CPU
	EndGlobalSection
	GlobalSection(SolutionProperties) = preSolution
		HideSolutionNode = FALSE
	EndGlobalSection
	GlobalSection(ExtensibilityGlobals) = postSolution
		SolutionGuid = {A7117613-B326-473E-A2F2-27148C101C70}
	EndGlobalSection
EndGlobal
